
Microsoft Visual Studio Solution File, Format Version 12.00
# Visual Studio Version 17
VisualStudioVersion = 17.9.34616.47
MinimumVisualStudioVersion = 10.0.40219.1
Project("{FAE04EC0-301F-11D3-BF4B-00C04F79EFBC}") = "SnakeGamne", "SnakeGamne\SnakeGamne.csproj", "{CF7C9F12-0AA9-4707-9497-502CE8E242D2}"
EndProject
Global
	GlobalSection(SolutionConfigurationPlatforms) = preSolution
		Debug|Any CPU = Debug|Any CPU
		Release|Any CPU = Release|Any CPU
	EndGlobalSection
	GlobalSection(ProjectConfigurationPlatforms) = postSolution
		{CF7C9F12-0AA9-4707-9497-502CE8E242D2}.Debug|Any CPU.ActiveCfg = Debug|Any CPU
		{CF7C9F12-0AA9-4707-9497-502CE8E242D2}.Debug|Any CPU.Build.0 = Debug|Any CPU
		{CF7C9F12-0AA9-4707-9497-502CE8E242D2}.Release|Any CPU.ActiveCfg = Release|Any CPU
		{CF7C9F12-0AA9-4707-9497-502CE8E242D2}.Release|Any CPU.Build.0 = Release|Any CPU
	EndGlobalSection
	GlobalSection(SolutionProperties) = preSolution
		HideSolutionNode = FALSE
	EndGlobalSection
	GlobalSection(ExtensibilityGlobals) = postSolution
		SolutionGuid = {30CDF377-07A9-49DF-A5E9-1509A331479D}
	EndGlobalSection
EndGlobal
